
Microsoft Visual Studio Solution File, Format Version 12.00
# Visual Studio 2012
Project("{FAE04EC0-301F-11D3-BF4B-00C04F79EFBC}") = "WcfTestApp.WinForms", "WcfTestApp\WcfTestApp.WinForms.csproj", "{123CF369-11CC-45E4-BEF0-23C2FD13731B}"
EndProject
Project("{FAE04EC0-301F-11D3-BF4B-00C04F79EFBC}") = "WcfTestApp.DAL", "WcfTestApp.DAL\WcfTestApp.DAL.csproj", "{7118899A-27E8-45BF-BDB5-FD353A12CF9C}"
EndProject
Project("{FAE04EC0-301F-11D3-BF4B-00C04F79EFBC}") = "WcfTestApp.Domain", "WcfTestApp.Domain\WcfTestApp.Domain.csproj", "{7E05F9A2-F128-4B64-BB3E-E3A668D7AFCE}"
EndProject
Project("{FAE04EC0-301F-11D3-BF4B-00C04F79EFBC}") = "WcfTestApp.DAL.Tests", "WcfTestApp.DAL.Tests\WcfTestApp.DAL.Tests.csproj", "{F8919166-28D1-4C1E-AECC-C668335D4CF5}"
EndProject
Project("{FAE04EC0-301F-11D3-BF4B-00C04F79EFBC}") = "WcfTestApp.WcfService", "WcfTestApp.WcfService\WcfTestApp.WcfService.csproj", "{0CCCF743-196E-4589-9A45-838FEFCE80BC}"
EndProject
Project("{FAE04EC0-301F-11D3-BF4B-00C04F79EFBC}") = "WcfTestApp.WcfContracts", "WcfTestApp.WcfContracts\WcfTestApp.WcfContracts.csproj", "{D0C07C39-C6BD-48E8-9D01-75FB2FD3FE46}"
EndProject
Global
	GlobalSection(SolutionConfigurationPlatforms) = preSolution
		Debug|Any CPU = Debug|Any CPU
		Release|Any CPU = Release|Any CPU
	EndGlobalSection
	GlobalSection(ProjectConfigurationPlatforms) = postSolution
		{123CF369-11CC-45E4-BEF0-23C2FD13731B}.Debug|Any CPU.ActiveCfg = Debug|Any CPU
		{123CF369-11CC-45E4-BEF0-23C2FD13731B}.Debug|Any CPU.Build.0 = Debug|Any CPU
		{123CF369-11CC-45E4-BEF0-23C2FD13731B}.Release|Any CPU.ActiveCfg = Release|Any CPU
		{123CF369-11CC-45E4-BEF0-23C2FD13731B}.Release|Any CPU.Build.0 = Release|Any CPU
		{7118899A-27E8-45BF-BDB5-FD353A12CF9C}.Debug|Any CPU.ActiveCfg = Debug|Any CPU
		{7118899A-27E8-45BF-BDB5-FD353A12CF9C}.Debug|Any CPU.Build.0 = Debug|Any CPU
		{7118899A-27E8-45BF-BDB5-FD353A12CF9C}.Release|Any CPU.ActiveCfg = Release|Any CPU
		{7118899A-27E8-45BF-BDB5-FD353A12CF9C}.Release|Any CPU.Build.0 = Release|Any CPU
		{7E05F9A2-F128-4B64-BB3E-E3A668D7AFCE}.Debug|Any CPU.ActiveCfg = Debug|Any CPU
		{7E05F9A2-F128-4B64-BB3E-E3A668D7AFCE}.Debug|Any CPU.Build.0 = Debug|Any CPU
		{7E05F9A2-F128-4B64-BB3E-E3A668D7AFCE}.Release|Any CPU.ActiveCfg = Release|Any CPU
		{7E05F9A2-F128-4B64-BB3E-E3A668D7AFCE}.Release|Any CPU.Build.0 = Release|Any CPU
		{F8919166-28D1-4C1E-AECC-C668335D4CF5}.Debug|Any CPU.ActiveCfg = Debug|Any CPU
		{F8919166-28D1-4C1E-AECC-C668335D4CF5}.Debug|Any CPU.Build.0 = Debug|Any CPU
		{F8919166-28D1-4C1E-AECC-C668335D4CF5}.Release|Any CPU.ActiveCfg = Release|Any CPU
		{F8919166-28D1-4C1E-AECC-C668335D4CF5}.Release|Any CPU.Build.0 = Release|Any CPU
		{0CCCF743-196E-4589-9A45-838FEFCE80BC}.Debug|Any CPU.ActiveCfg = Debug|Any CPU
		{0CCCF743-196E-4589-9A45-838FEFCE80BC}.Debug|Any CPU.Build.0 = Debug|Any CPU
		{0CCCF743-196E-4589-9A45-838FEFCE80BC}.Release|Any CPU.ActiveCfg = Release|Any CPU
		{0CCCF743-196E-4589-9A45-838FEFCE80BC}.Release|Any CPU.Build.0 = Release|Any CPU
		{D0C07C39-C6BD-48E8-9D01-75FB2FD3FE46}.Debug|Any CPU.ActiveCfg = Debug|Any CPU
		{D0C07C39-C6BD-48E8-9D01-75FB2FD3FE46}.Debug|Any CPU.Build.0 = Debug|Any CPU
		{D0C07C39-C6BD-48E8-9D01-75FB2FD3FE46}.Release|Any CPU.ActiveCfg = Release|Any CPU
		{D0C07C39-C6BD-48E8-9D01-75FB2FD3FE46}.Release|Any CPU.Build.0 = Release|Any CPU
	EndGlobalSection
	GlobalSection(SolutionProperties) = preSolution
		HideSolutionNode = FALSE
	EndGlobalSection
EndGlobal
